<Project xmlns="http://schemas.microsoft.com/developer/msbuild/2003">
    <PropertyGroup>
        <ProjectGuid>{5EC30456-B5EB-43E4-8F40-558B2889FA09}</ProjectGuid>
        <MainSource>tr4w.dpr</MainSource>
        <Base>True</Base>
        <Config Condition="'$(Config)'==''">Debug</Config>
        <TargetedPlatforms>1</TargetedPlatforms>
        <AppType>Console</AppType>
        <FrameworkType>None</FrameworkType>
        <ProjectVersion>15.3</ProjectVersion>
        <Platform Condition="'$(Platform)'==''">Win32</Platform>
    </PropertyGroup>
    <PropertyGroup Condition="'$(Config)'=='Base' or '$(Base)'!=''">
        <Base>true</Base>
    </PropertyGroup>
    <PropertyGroup Condition="('$(Platform)'=='Win32' and '$(Base)'=='true') or '$(Base_Win32)'!=''">
        <Base_Win32>true</Base_Win32>
        <CfgParent>Base</CfgParent>
        <Base>true</Base>
    </PropertyGroup>
    <PropertyGroup Condition="'$(Config)'=='Release' or '$(Cfg_1)'!=''">
        <Cfg_1>true</Cfg_1>
        <CfgParent>Base</CfgParent>
        <Base>true</Base>
    </PropertyGroup>
    <PropertyGroup Condition="'$(Config)'=='Debug' or '$(Cfg_2)'!=''">
        <Cfg_2>true</Cfg_2>
        <CfgParent>Base</CfgParent>
        <Base>true</Base>
    </PropertyGroup>
    <PropertyGroup Condition="'$(Base)'!=''">
        <DCC_ExeOutput>target</DCC_ExeOutput>
        <DCC_DcuOutput>bin</DCC_DcuOutput>
        <DCC_E>false</DCC_E>
        <DCC_N>true</DCC_N>
        <DCC_K>false</DCC_K>
        <DCC_ImageBase>00400000</DCC_ImageBase>
        <DCC_Namespace>System;Xml;Data;Datasnap;Web;Soap;Winapi;$(DCC_Namespace)</DCC_Namespace>
        <VerInfo_Locale>1049</VerInfo_Locale>
        <DCC_DebugInformation>true</DCC_DebugInformation>
        <DCC_UsePackage>vcl;rtl;dbrtl;adortl;vcldb;vclx;bdertl;vcldbx;ibxpress;dsnap;cds;bdecds;qrpt;teeui;teedb;tee;dss;teeqr;visualclx;visualdbclx;dsnapcrba;dsnapcon;VclSmp;vclshlctrls;vclie;xmlrtl;inet;inetdbbde;inetdbxpress;inetdb;nmfast;webdsnap;websnap;dbexpress;dbxcds;indy;dclOffice2k;$(DCC_UsePackage)</DCC_UsePackage>
        <DCC_SymbolReferenceInfo>1</DCC_SymbolReferenceInfo>
        <DCC_S>false</DCC_S>
        <VerInfo_Keys>CompanyName=;FileDescription=;FileVersion=1.0.0.0;InternalName=;LegalCopyright=;LegalTrademarks=;OriginalFilename=;ProductName=;ProductVersion=1.0.0.0;Comments=</VerInfo_Keys>
        <DCC_F>false</DCC_F>
    </PropertyGroup>
    <PropertyGroup Condition="'$(Base_Win32)'!=''">
        <DCC_Namespace>Winapi;System.Win;Data.Win;Datasnap.Win;Web.Win;Soap.Win;Xml.Win;Bde;$(DCC_Namespace)</DCC_Namespace>
        <VerInfo_Locale>1033</VerInfo_Locale>
    </PropertyGroup>
    <PropertyGroup Condition="'$(Cfg_1)'!=''">
        <DCC_Define>RELEASE;$(DCC_Define)</DCC_Define>
        <DCC_LocalDebugSymbols>false</DCC_LocalDebugSymbols>
        <DCC_DebugInformation>0</DCC_DebugInformation>
        <DCC_SymbolReferenceInfo>0</DCC_SymbolReferenceInfo>
    </PropertyGroup>
    <PropertyGroup Condition="'$(Cfg_2)'!=''">
        <DCC_Optimize>false</DCC_Optimize>
        <DCC_GenerateStackFrames>true</DCC_GenerateStackFrames>
        <DCC_Define>DEBUG;$(DCC_Define)</DCC_Define>
    </PropertyGroup>
    <ItemGroup>
        <DelphiCompile Include="$(MainSource)">
            <MainSource>MainSource</MainSource>
        </DelphiCompile>
        <DCCReference Include="src\MainUnit.pas"/>
        <DCCReference Include="src\trdos\BeepUnit.pas"/>
        <DCCReference Include="src\trdos\CfgCmd.pas"/>
        <DCCReference Include="src\trdos\CFGDEF.PAS"/>
        <DCCReference Include="src\trdos\FCONTEST.PAS"/>
        <DCCReference Include="src\trdos\LogCfg.pas"/>
        <DCCReference Include="src\trdos\LogCW.pas"/>
        <DCCReference Include="src\trdos\LOGDOM.PAS"/>
        <DCCReference Include="src\trdos\LOGDUPE.PAS"/>
        <DCCReference Include="src\trdos\LOGDVP.PAS"/>
        <DCCReference Include="src\trdos\LOGEDIT.PAS"/>
        <DCCReference Include="src\trdos\LOGGRID.PAS"/>
        <DCCReference Include="src\trdos\LOGK1EA.PAS"/>
        <DCCReference Include="src\trdos\LOGNET.PAS"/>
        <DCCReference Include="src\trdos\LOGPACK.PAS"/>
        <DCCReference Include="src\trdos\LOGRADIO.PAS"/>
        <DCCReference Include="src\trdos\LOGSCP.PAS"/>
        <DCCReference Include="src\trdos\LOGSTUFF.PAS"/>
        <DCCReference Include="src\trdos\LOGWAE.PAS"/>
        <DCCReference Include="src\trdos\LOGWIND.PAS"/>
        <DCCReference Include="src\trdos\tree.pas"/>
        <DCCReference Include="src\trdos\ZONECONT.PAS"/>
        <DCCReference Include="src\trdos\LOGSUBS2.PAS"/>
        <DCCReference Include="src\trdos\LOGSUBS1.PAS"/>
        <DCCReference Include="src\trdos\LogSend.pas"/>
        <DCCReference Include="src\uCT1BOH.pas"/>
        <DCCReference Include="src\trdos\PostUnit.PAS"/>
        <DCCReference Include="src\uInputQuery.pas"/>
        <DCCReference Include="src\uNewContest.pas"/>
        <DCCReference Include="src\uRadioPolling.pas"/>
        <DCCReference Include="src\uMissingMults.pas"/>
        <DCCReference Include="src\uEditQSO.pas"/>
        <DCCReference Include="src\uLogSearch.pas"/>
        <DCCReference Include="src\uBeacons.pas"/>
        <DCCReference Include="src\uNet.pas"/>
        <DCCReference Include="src\uTotal.pas"/>
        <DCCReference Include="src\uMaster.pas"/>
        <DCCReference Include="src\uRemMults.pas"/>
        <DCCReference Include="src\uDupesheet.pas"/>
        <DCCReference Include="src\uSendSpot.pas"/>
        <DCCReference Include="src\uSendKeyboard.pas"/>
        <DCCReference Include="src\uOption.pas"/>
        <DCCReference Include="src\uRadio12.pas"/>
        <DCCReference Include="src\uFunctionKeys.pas"/>
        <DCCReference Include="src\uTelnet.pas"/>
        <DCCReference Include="src\uBandmap.pas"/>
        <DCCReference Include="src\uFileView.pas"/>
        <DCCReference Include="src\uAutoCQ.pas"/>
        <DCCReference Include="src\uCAT.pas"/>
        <DCCReference Include="src\uDialogs.pas"/>
        <DCCReference Include="src\VC.pas"/>
        <DCCReference Include="src\uCommctrl.pas"/>
        <DCCReference Include="src\uGradient.pas"/>
        <DCCReference Include="src\uMessages.pas"/>
        <DCCReference Include="src\uWinManager.pas"/>
        <DCCReference Include="src\uCbrSum.pas"/>
        <DCCReference Include="src\uQTCR.pas"/>
        <DCCReference Include="src\uQTCS.pas"/>
        <DCCReference Include="src\LPT.pas"/>
        <DCCReference Include="src\uGetServerLog.pas"/>
        <DCCReference Include="src\TF.pas"/>
        <DCCReference Include="src\uLogEdit.pas"/>
        <DCCReference Include="src\uIntercom.pas"/>
        <DCCReference Include="src\uLogCompare.pas"/>
        <DCCReference Include="src\uMixW.pas"/>
        <DCCReference Include="src\uCallsigns.pas"/>
        <DCCReference Include="src\uSpots.pas"/>
        <DCCReference Include="src\uGetScores.pas"/>
        <DCCReference Include="src\uStations.pas"/>
        <DCCReference Include="src\uAltD.pas"/>
        <DCCReference Include="src\uWinKey.pas"/>
        <DCCReference Include="src\uCFG.pas"/>
        <DCCReference Include="src\uCRC32.pas"/>
        <DCCReference Include="src\uMP3Recorder.pas"/>
        <DCCReference Include="src\uAltP.pas"/>
        <DCCReference Include="src\uEditMessage.pas"/>
        <DCCReference Include="src\uCheckLatestVersion.pas"/>
        <DCCReference Include="src\uErmak.pas"/>
        <DCCReference Include="src\uProcessCommand.pas"/>
        <DCCReference Include="src\uMults.pas"/>
        <DCCReference Include="src\HtmlHelp.pas"/>
        <DCCReference Include="src\uSSL.pas"/>
        <DCCReference Include="src\uQuickEdit.pas"/>
        <DCCReference Include="src\uIO.pas"/>
        <DCCReference Include="src\uBMCF.pas"/>
        <DCCReference Include="src\uCTYDAT.PAS"/>
        <DCCReference Include="src\uCallSignRoutines.pas"/>
        <DCCReference Include="src\uSynTime.pas"/>
        <DCCReference Include="src\uMMTTY.pas"/>
        <DCCReference Include="src\uProfiler.pas"/>
        <DCCReference Include="src\uMessagesList.pas"/>
        <DCCReference Include="src\uRussiaOblasts.pas"/>
        <DCCReference Include="src\uMenu.pas"/>
        <DCCReference Include="..\include\WinSock2.pas"/>
        <DCCReference Include="src\utils\utils_net.pas"/>
        <DCCReference Include="src\utils\utils_hw.pas"/>
        <DCCReference Include="src\utils\utils_text.pas"/>
        <DCCReference Include="src\utils\utils_math.pas"/>
        <DCCReference Include="src\utils\utils_file.pas"/>
        <DCCReference Include="src\exportto_trlog.pas"/>
        <BuildConfiguration Include="Debug">
            <Key>Cfg_2</Key>
            <CfgParent>Base</CfgParent>
        </BuildConfiguration>
        <BuildConfiguration Include="Base">
            <Key>Base</Key>
        </BuildConfiguration>
        <BuildConfiguration Include="Release">
            <Key>Cfg_1</Key>
            <CfgParent>Base</CfgParent>
        </BuildConfiguration>
    </ItemGroup>
    <ProjectExtensions>
        <Borland.Personality>Delphi.Personality.12</Borland.Personality>
        <Borland.ProjectType/>
        <BorlandProject>
            <Delphi.Personality>
                <Source>
                    <Source Name="MainSource">tr4w.dpr</Source>
                </Source>
                <Language>
                    <Language Name="RootDir">..\..\..\..\tr4wsrc\tr4w\</Language>
                </Language>
                <VersionInfo>
                    <VersionInfo Name="IncludeVerInfo">False</VersionInfo>
                    <VersionInfo Name="AutoIncBuild">False</VersionInfo>
                    <VersionInfo Name="MajorVer">1</VersionInfo>
                    <VersionInfo Name="MinorVer">0</VersionInfo>
                    <VersionInfo Name="Release">0</VersionInfo>
                    <VersionInfo Name="Build">0</VersionInfo>
                    <VersionInfo Name="Debug">False</VersionInfo>
                    <VersionInfo Name="PreRelease">False</VersionInfo>
                    <VersionInfo Name="Special">False</VersionInfo>
                    <VersionInfo Name="Private">False</VersionInfo>
                    <VersionInfo Name="DLL">False</VersionInfo>
                    <VersionInfo Name="Locale">1049</VersionInfo>
                    <VersionInfo Name="CodePage">1251</VersionInfo>
                </VersionInfo>
                <VersionInfoKeys>
                    <VersionInfoKeys Name="CompanyName"/>
                    <VersionInfoKeys Name="FileDescription"/>
                    <VersionInfoKeys Name="FileVersion">1.0.0.0</VersionInfoKeys>
                    <VersionInfoKeys Name="InternalName"/>
                    <VersionInfoKeys Name="LegalCopyright"/>
                    <VersionInfoKeys Name="LegalTrademarks"/>
                    <VersionInfoKeys Name="OriginalFilename"/>
                    <VersionInfoKeys Name="ProductName"/>
                    <VersionInfoKeys Name="ProductVersion">1.0.0.0</VersionInfoKeys>
                    <VersionInfoKeys Name="Comments"/>
                </VersionInfoKeys>
            </Delphi.Personality>
            <Platforms>
                <Platform value="OSX32">False</Platform>
                <Platform value="Win32">True</Platform>
                <Platform value="Win64">False</Platform>
            </Platforms>
        </BorlandProject>
        <ProjectFileVersion>12</ProjectFileVersion>
    </ProjectExtensions>
    <Import Project="$(BDS)\Bin\CodeGear.Delphi.Targets" Condition="Exists('$(BDS)\Bin\CodeGear.Delphi.Targets')"/>
    <Import Project="$(APPDATA)\Embarcadero\$(BDSAPPDATABASEDIR)\$(PRODUCTVERSION)\UserTools.proj" Condition="Exists('$(APPDATA)\Embarcadero\$(BDSAPPDATABASEDIR)\$(PRODUCTVERSION)\UserTools.proj')"/>
</Project>
